{
  "name": "magic_face",
  "lockfileVersion": 3,
  "requires": true,
  "packages": {
    "": {
      "dependencies": {
        "react-particles": "^2.12.2"
      }
    },
    "node_modules/react-particles": {
      "version": "2.12.2",
      "resolved": "https://registry.npmjs.org/react-particles/-/react-particles-2.12.2.tgz",
      "integrity": "sha512-Bo9DdrBRPFy8uiT7BA8P36Rdmz6GhB/RG9kkWUyZGIsS8AxWyuUjpVxw9Lr23K0LVE2aenAJ0vnqEbbLDpBgQw==",
      "funding": [
        {
          "type": "github",
          "url": "https://github.com/sponsors/matteobruni"
        },
        {
          "type": "github",
          "url": "https://github.com/sponsors/tsparticles"
        },
        {
          "type": "buymeacoffee",
          "url": "https://www.buymeacoffee.com/matteobruni"
        }
      ],
      "hasInstallScript": true,
      "dependencies": {
        "tsparticles-engine": "^2.12.0"
      },
      "peerDependencies": {
        "react": ">=16"
      }
    },
    "node_modules/tsparticles-engine": {
      "version": "2.12.0",
      "resolved": "https://registry.npmjs.org/tsparticles-engine/-/tsparticles-engine-2.12.0.tgz",
      "integrity": "sha512-ZjDIYex6jBJ4iMc9+z0uPe7SgBnmb6l+EJm83MPIsOny9lPpetMsnw/8YJ3xdxn8hV+S3myTpTN1CkOVmFv0QQ==",
      "funding": [
        {
          "type": "github",
          "url": "https://github.com/sponsors/matteobruni"
        },
        {
          "type": "github",
          "url": "https://github.com/sponsors/tsparticles"
        },
        {
          "type": "buymeacoffee",
          "url": "https://www.buymeacoffee.com/matteobruni"
        }
      ],
      "hasInstallScript": true
    }
  }
}
